
Microsoft Visual Studio Solution File, Format Version 12.00
# Visual Studio Version 17
VisualStudioVersion = 17.5.33424.131
MinimumVisualStudioVersion = 10.0.40219.1
Project("{9A19103F-16F7-4668-BE54-9A1E7A4F7556}") = "AmazonDynamoDB.Api", "AmazonDynamoDB.Api\AmazonDynamoDB.Api.csproj", "{11C0B5CC-A87B-499F-A5DA-1177B9B0172F}"
EndProject
Project("{9A19103F-16F7-4668-BE54-9A1E7A4F7556}") = "AmazonDynamoDB.Infrastructure", "AmazonDynamoDB.Infrastructure\AmazonDynamoDB.Infrastructure.csproj", "{6567F1B1-4857-4387-AD1D-EC3EDB6CEBD3}"
EndProject
Project("{9A19103F-16F7-4668-BE54-9A1E7A4F7556}") = "AmazonDynamoDB.Core", "AmazonDynamoDB.Core\AmazonDynamoDB.Core.csproj", "{BC0318DC-48E0-4A7C-8BEF-123CDE88FCD4}"
EndProject
Project("{2150E333-8FDC-42A3-9474-1A3956D46DE8}") = "Tests", "Tests", "{5B33B245-A45E-484C-B338-85AB61A38BA5}"
EndProject
Project("{FAE04EC0-301F-11D3-BF4B-00C04F79EFBC}") = "AmazonDynamoDB.Integration.Tests", "AmazonDynamoDB.Integration.Tests\AmazonDynamoDB.Integration.Tests.csproj", "{C99CC1D7-F12F-454E-9925-47F9E8F323AD}"
EndProject
Global
	GlobalSection(SolutionConfigurationPlatforms) = preSolution
		Debug|Any CPU = Debug|Any CPU
		Release|Any CPU = Release|Any CPU
	EndGlobalSection
	GlobalSection(ProjectConfigurationPlatforms) = postSolution
		{11C0B5CC-A87B-499F-A5DA-1177B9B0172F}.Debug|Any CPU.ActiveCfg = Debug|Any CPU
		{11C0B5CC-A87B-499F-A5DA-1177B9B0172F}.Debug|Any CPU.Build.0 = Debug|Any CPU
		{11C0B5CC-A87B-499F-A5DA-1177B9B0172F}.Release|Any CPU.ActiveCfg = Release|Any CPU
		{11C0B5CC-A87B-499F-A5DA-1177B9B0172F}.Release|Any CPU.Build.0 = Release|Any CPU
		{6567F1B1-4857-4387-AD1D-EC3EDB6CEBD3}.Debug|Any CPU.ActiveCfg = Debug|Any CPU
		{6567F1B1-4857-4387-AD1D-EC3EDB6CEBD3}.Debug|Any CPU.Build.0 = Debug|Any CPU
		{6567F1B1-4857-4387-AD1D-EC3EDB6CEBD3}.Release|Any CPU.ActiveCfg = Release|Any CPU
		{6567F1B1-4857-4387-AD1D-EC3EDB6CEBD3}.Release|Any CPU.Build.0 = Release|Any CPU
		{BC0318DC-48E0-4A7C-8BEF-123CDE88FCD4}.Debug|Any CPU.ActiveCfg = Debug|Any CPU
		{BC0318DC-48E0-4A7C-8BEF-123CDE88FCD4}.Debug|Any CPU.Build.0 = Debug|Any CPU
		{BC0318DC-48E0-4A7C-8BEF-123CDE88FCD4}.Release|Any CPU.ActiveCfg = Release|Any CPU
		{BC0318DC-48E0-4A7C-8BEF-123CDE88FCD4}.Release|Any CPU.Build.0 = Release|Any CPU
		{C99CC1D7-F12F-454E-9925-47F9E8F323AD}.Debug|Any CPU.ActiveCfg = Debug|Any CPU
		{C99CC1D7-F12F-454E-9925-47F9E8F323AD}.Debug|Any CPU.Build.0 = Debug|Any CPU
		{C99CC1D7-F12F-454E-9925-47F9E8F323AD}.Release|Any CPU.ActiveCfg = Release|Any CPU
		{C99CC1D7-F12F-454E-9925-47F9E8F323AD}.Release|Any CPU.Build.0 = Release|Any CPU
	EndGlobalSection
	GlobalSection(SolutionProperties) = preSolution
		HideSolutionNode = FALSE
	EndGlobalSection
	GlobalSection(NestedProjects) = preSolution
		{C99CC1D7-F12F-454E-9925-47F9E8F323AD} = {5B33B245-A45E-484C-B338-85AB61A38BA5}
	EndGlobalSection
	GlobalSection(ExtensibilityGlobals) = postSolution
		SolutionGuid = {B51C15E1-9156-4F2A-AD70-4227AC217972}
	EndGlobalSection
EndGlobal
